
Microsoft Visual Studio Solution File, Format Version 12.00
# Visual Studio 15
VisualStudioVersion = 15.0.27004.2009
MinimumVisualStudioVersion = 10.0.40219.1
Project("{FAE04EC0-301F-11D3-BF4B-00C04F79EFBC}") = "TryGithub", "TryGithub\TryGithub.csproj", "{3C19FBA1-208A-49FF-BBD9-5A76B972AF42}"
EndProject
Global
	GlobalSection(SolutionConfigurationPlatforms) = preSolution
		Debug|Any CPU = Debug|Any CPU
		Release|Any CPU = Release|Any CPU
	EndGlobalSection
	GlobalSection(ProjectConfigurationPlatforms) = postSolution
		{3C19FBA1-208A-49FF-BBD9-5A76B972AF42}.Debug|Any CPU.ActiveCfg = Debug|Any CPU
		{3C19FBA1-208A-49FF-BBD9-5A76B972AF42}.Debug|Any CPU.Build.0 = Debug|Any CPU
		{3C19FBA1-208A-49FF-BBD9-5A76B972AF42}.Release|Any CPU.ActiveCfg = Release|Any CPU
		{3C19FBA1-208A-49FF-BBD9-5A76B972AF42}.Release|Any CPU.Build.0 = Release|Any CPU
	EndGlobalSection
	GlobalSection(SolutionProperties) = preSolution
		HideSolutionNode = FALSE
	EndGlobalSection
	GlobalSection(ExtensibilityGlobals) = postSolution
		SolutionGuid = {68061616-8E59-4E12-A277-F12FAFD09DD7}
	EndGlobalSection
EndGlobal
